
Microsoft Visual Studio Solution File, Format Version 12.00
# Visual Studio 15
VisualStudioVersion = 15.0.28307.1738
MinimumVisualStudioVersion = 10.0.40219.1
Project("{FAE04EC0-301F-11D3-BF4B-00C04F79EFBC}") = "SistemaBancario", "01-ByteBank\SistemaBancario.csproj", "{3367B345-9149-4A1E-8560-3090DEDF0C3D}"
EndProject
Global
	GlobalSection(SolutionConfigurationPlatforms) = preSolution
		Debug|Any CPU = Debug|Any CPU
		Release|Any CPU = Release|Any CPU
	EndGlobalSection
	GlobalSection(ProjectConfigurationPlatforms) = postSolution
		{3367B345-9149-4A1E-8560-3090DEDF0C3D}.Debug|Any CPU.ActiveCfg = Debug|Any CPU
		{3367B345-9149-4A1E-8560-3090DEDF0C3D}.Debug|Any CPU.Build.0 = Debug|Any CPU
		{3367B345-9149-4A1E-8560-3090DEDF0C3D}.Release|Any CPU.ActiveCfg = Release|Any CPU
		{3367B345-9149-4A1E-8560-3090DEDF0C3D}.Release|Any CPU.Build.0 = Release|Any CPU
	EndGlobalSection
	GlobalSection(SolutionProperties) = preSolution
		HideSolutionNode = FALSE
	EndGlobalSection
	GlobalSection(ExtensibilityGlobals) = postSolution
		SolutionGuid = {723CDC34-E7CD-41DA-8971-97C7362701AF}
	EndGlobalSection
EndGlobal
